
Microsoft Visual Studio Solution File, Format Version 12.00
# Visual Studio 15
VisualStudioVersion = 15.0.28010.2050
MinimumVisualStudioVersion = 10.0.40219.1
Project("{FAE04EC0-301F-11D3-BF4B-00C04F79EFBC}") = "WpfDataGrid", "WpfDataGrid\WpfDataGrid.csproj", "{30594EAB-7BF9-4D1F-8FAB-871912807FF0}"
EndProject
Global
	GlobalSection(SolutionConfigurationPlatforms) = preSolution
		Debug|Any CPU = Debug|Any CPU
		Release|Any CPU = Release|Any CPU
	EndGlobalSection
	GlobalSection(ProjectConfigurationPlatforms) = postSolution
		{30594EAB-7BF9-4D1F-8FAB-871912807FF0}.Debug|Any CPU.ActiveCfg = Debug|Any CPU
		{30594EAB-7BF9-4D1F-8FAB-871912807FF0}.Debug|Any CPU.Build.0 = Debug|Any CPU
		{30594EAB-7BF9-4D1F-8FAB-871912807FF0}.Release|Any CPU.ActiveCfg = Release|Any CPU
		{30594EAB-7BF9-4D1F-8FAB-871912807FF0}.Release|Any CPU.Build.0 = Release|Any CPU
	EndGlobalSection
	GlobalSection(SolutionProperties) = preSolution
		HideSolutionNode = FALSE
	EndGlobalSection
	GlobalSection(ExtensibilityGlobals) = postSolution
		SolutionGuid = {68C10582-740E-4213-B0AC-463E40F254D9}
	EndGlobalSection
EndGlobal
